
Microsoft Visual Studio Solution File, Format Version 12.00
# Visual Studio Version 17
VisualStudioVersion = 17.6.33829.357
MinimumVisualStudioVersion = 10.0.40219.1
Project("{F184B08F-C81C-45F6-A57F-5ABD9991F28F}") = "Register", "Register\Register.vbproj", "{5CA56584-77A7-42F7-9ED2-63EDA46BB3AF}"
EndProject
Project("{54435603-DBB4-11D2-8724-00A0C9A8B90C}") = "SetupRegister", "SetupRegister\SetupRegister.vdproj", "{23AB0455-1152-4CDC-B69A-CD476A66816C}"
EndProject
Global
	GlobalSection(SolutionConfigurationPlatforms) = preSolution
		Debug|Any CPU = Debug|Any CPU
		Release|Any CPU = Release|Any CPU
	EndGlobalSection
	GlobalSection(ProjectConfigurationPlatforms) = postSolution
		{5CA56584-77A7-42F7-9ED2-63EDA46BB3AF}.Debug|Any CPU.ActiveCfg = Debug|Any CPU
		{5CA56584-77A7-42F7-9ED2-63EDA46BB3AF}.Debug|Any CPU.Build.0 = Debug|Any CPU
		{5CA56584-77A7-42F7-9ED2-63EDA46BB3AF}.Release|Any CPU.ActiveCfg = Release|Any CPU
		{5CA56584-77A7-42F7-9ED2-63EDA46BB3AF}.Release|Any CPU.Build.0 = Release|Any CPU
		{23AB0455-1152-4CDC-B69A-CD476A66816C}.Debug|Any CPU.ActiveCfg = Debug
		{23AB0455-1152-4CDC-B69A-CD476A66816C}.Release|Any CPU.ActiveCfg = Release
	EndGlobalSection
	GlobalSection(SolutionProperties) = preSolution
		HideSolutionNode = FALSE
	EndGlobalSection
	GlobalSection(ExtensibilityGlobals) = postSolution
		SolutionGuid = {EB27CE2D-6CEB-4851-AF3B-6945386532D9}
	EndGlobalSection
EndGlobal
